
Microsoft Visual Studio Solution File, Format Version 12.00
# Visual Studio Version 17
VisualStudioVersion = 17.9.34728.123
MinimumVisualStudioVersion = 10.0.40219.1
Project("{2150E333-8FDC-42A3-9474-1A3956D46DE8}") = "1 - API", "1 - API", "{02F57174-579A-4AFE-81DA-D381A0611CE6}"
EndProject
Project("{2150E333-8FDC-42A3-9474-1A3956D46DE8}") = "2 - Aplicacao", "2 - Aplicacao", "{20BF5386-368C-478D-9C63-5C8A8B6A20C7}"
EndProject
Project("{2150E333-8FDC-42A3-9474-1A3956D46DE8}") = "3 - Servico", "3 - Servico", "{E653B08A-C7B0-49B2-96E7-0EB2BD91A987}"
EndProject
Project("{2150E333-8FDC-42A3-9474-1A3956D46DE8}") = "4 - Dominio", "4 - Dominio", "{B4E63B2D-30D2-485B-8D41-E594256973D5}"
EndProject
Project("{2150E333-8FDC-42A3-9474-1A3956D46DE8}") = "5 - Infra", "5 - Infra", "{3FDAE18B-1029-443D-BA4C-C2B988F6A635}"
EndProject
Project("{9A19103F-16F7-4668-BE54-9A1E7A4F7556}") = "EncontroDeLutadores.API", "src\EncontroDeLutadores.API\EncontroDeLutadores.API.csproj", "{5959DEF7-1371-42F0-A847-D1A1D441634C}"
EndProject
Project("{9A19103F-16F7-4668-BE54-9A1E7A4F7556}") = "EncontroDeLutadores.Infra", "src\EncontroDeLutadores.Infra\EncontroDeLutadores.Infra.csproj", "{9792EE30-BD98-4A6D-B2DA-5E70EE8DCC87}"
EndProject
Project("{9A19103F-16F7-4668-BE54-9A1E7A4F7556}") = "EncontroDeLutadores.Dominio", "src\EncontroDeLutadores.Dominio\EncontroDeLutadores.Dominio.csproj", "{A519902D-167F-4697-B051-DF2F2D857ADE}"
EndProject
Project("{9A19103F-16F7-4668-BE54-9A1E7A4F7556}") = "EncontroDeLutadores.Aplicacao", "src\EncontroDeLutadores.Aplicacao\EncontroDeLutadores.Aplicacao.csproj", "{417EB879-CC3D-42B4-9410-41E6905F2236}"
EndProject
Project("{9A19103F-16F7-4668-BE54-9A1E7A4F7556}") = "EncontroDeLutadores.Servico", "src\EncontroDeLutadores.Servico\EncontroDeLutadores.Servico.csproj", "{F275B853-860A-41B6-AE6E-76EBC2EB3842}"
EndProject
Project("{9A19103F-16F7-4668-BE54-9A1E7A4F7556}") = "EncontroDeLutadores.Infra.RabbitMQ", "src\EncontroDeLutadores.Infra.RabbitMQ\EncontroDeLutadores.Infra.RabbitMQ.csproj", "{9B318D75-354B-40B3-AA1F-EA8E3DF1E0B6}"
EndProject
Project("{2150E333-8FDC-42A3-9474-1A3956D46DE8}") = "0 - Testes", "0 - Testes", "{096FDA0D-E714-46C6-9109-4416E48403B5}"
EndProject
Project("{FAE04EC0-301F-11D3-BF4B-00C04F79EFBC}") = "EncontroDeLutadores.Testes.API.Integracao", "src\EncontroDeLutadores.Testes.API.Integracao\EncontroDeLutadores.Testes.API.Integracao.csproj", "{11B37403-12F5-4A9D-A365-9618E28747D5}"
EndProject
Global
	GlobalSection(SolutionConfigurationPlatforms) = preSolution
		Debug|Any CPU = Debug|Any CPU
		Release|Any CPU = Release|Any CPU
	EndGlobalSection
	GlobalSection(ProjectConfigurationPlatforms) = postSolution
		{5959DEF7-1371-42F0-A847-D1A1D441634C}.Debug|Any CPU.ActiveCfg = Debug|Any CPU
		{5959DEF7-1371-42F0-A847-D1A1D441634C}.Debug|Any CPU.Build.0 = Debug|Any CPU
		{5959DEF7-1371-42F0-A847-D1A1D441634C}.Release|Any CPU.ActiveCfg = Release|Any CPU
		{5959DEF7-1371-42F0-A847-D1A1D441634C}.Release|Any CPU.Build.0 = Release|Any CPU
		{9792EE30-BD98-4A6D-B2DA-5E70EE8DCC87}.Debug|Any CPU.ActiveCfg = Debug|Any CPU
		{9792EE30-BD98-4A6D-B2DA-5E70EE8DCC87}.Debug|Any CPU.Build.0 = Debug|Any CPU
		{9792EE30-BD98-4A6D-B2DA-5E70EE8DCC87}.Release|Any CPU.ActiveCfg = Release|Any CPU
		{9792EE30-BD98-4A6D-B2DA-5E70EE8DCC87}.Release|Any CPU.Build.0 = Release|Any CPU
		{A519902D-167F-4697-B051-DF2F2D857ADE}.Debug|Any CPU.ActiveCfg = Debug|Any CPU
		{A519902D-167F-4697-B051-DF2F2D857ADE}.Debug|Any CPU.Build.0 = Debug|Any CPU
		{A519902D-167F-4697-B051-DF2F2D857ADE}.Release|Any CPU.ActiveCfg = Release|Any CPU
		{A519902D-167F-4697-B051-DF2F2D857ADE}.Release|Any CPU.Build.0 = Release|Any CPU
		{417EB879-CC3D-42B4-9410-41E6905F2236}.Debug|Any CPU.ActiveCfg = Debug|Any CPU
		{417EB879-CC3D-42B4-9410-41E6905F2236}.Debug|Any CPU.Build.0 = Debug|Any CPU
		{417EB879-CC3D-42B4-9410-41E6905F2236}.Release|Any CPU.ActiveCfg = Release|Any CPU
		{417EB879-CC3D-42B4-9410-41E6905F2236}.Release|Any CPU.Build.0 = Release|Any CPU
		{F275B853-860A-41B6-AE6E-76EBC2EB3842}.Debug|Any CPU.ActiveCfg = Debug|Any CPU
		{F275B853-860A-41B6-AE6E-76EBC2EB3842}.Debug|Any CPU.Build.0 = Debug|Any CPU
		{F275B853-860A-41B6-AE6E-76EBC2EB3842}.Release|Any CPU.ActiveCfg = Release|Any CPU
		{F275B853-860A-41B6-AE6E-76EBC2EB3842}.Release|Any CPU.Build.0 = Release|Any CPU
		{9B318D75-354B-40B3-AA1F-EA8E3DF1E0B6}.Debug|Any CPU.ActiveCfg = Debug|Any CPU
		{9B318D75-354B-40B3-AA1F-EA8E3DF1E0B6}.Debug|Any CPU.Build.0 = Debug|Any CPU
		{9B318D75-354B-40B3-AA1F-EA8E3DF1E0B6}.Release|Any CPU.ActiveCfg = Release|Any CPU
		{9B318D75-354B-40B3-AA1F-EA8E3DF1E0B6}.Release|Any CPU.Build.0 = Release|Any CPU
		{11B37403-12F5-4A9D-A365-9618E28747D5}.Debug|Any CPU.ActiveCfg = Debug|Any CPU
		{11B37403-12F5-4A9D-A365-9618E28747D5}.Debug|Any CPU.Build.0 = Debug|Any CPU
		{11B37403-12F5-4A9D-A365-9618E28747D5}.Release|Any CPU.ActiveCfg = Release|Any CPU
		{11B37403-12F5-4A9D-A365-9618E28747D5}.Release|Any CPU.Build.0 = Release|Any CPU
	EndGlobalSection
	GlobalSection(SolutionProperties) = preSolution
		HideSolutionNode = FALSE
	EndGlobalSection
	GlobalSection(NestedProjects) = preSolution
		{5959DEF7-1371-42F0-A847-D1A1D441634C} = {02F57174-579A-4AFE-81DA-D381A0611CE6}
		{9792EE30-BD98-4A6D-B2DA-5E70EE8DCC87} = {3FDAE18B-1029-443D-BA4C-C2B988F6A635}
		{A519902D-167F-4697-B051-DF2F2D857ADE} = {B4E63B2D-30D2-485B-8D41-E594256973D5}
		{417EB879-CC3D-42B4-9410-41E6905F2236} = {20BF5386-368C-478D-9C63-5C8A8B6A20C7}
		{F275B853-860A-41B6-AE6E-76EBC2EB3842} = {E653B08A-C7B0-49B2-96E7-0EB2BD91A987}
		{9B318D75-354B-40B3-AA1F-EA8E3DF1E0B6} = {3FDAE18B-1029-443D-BA4C-C2B988F6A635}
		{11B37403-12F5-4A9D-A365-9618E28747D5} = {096FDA0D-E714-46C6-9109-4416E48403B5}
	EndGlobalSection
	GlobalSection(ExtensibilityGlobals) = postSolution
		SolutionGuid = {9A046C33-37B9-42BB-B097-BCE4E993BC24}
	EndGlobalSection
EndGlobal
